
Microsoft Visual Studio Solution File, Format Version 12.00
# Visual Studio Version 17
VisualStudioVersion = 17.10.35122.118
MinimumVisualStudioVersion = 10.0.40219.1
Project("{FAE04EC0-301F-11D3-BF4B-00C04F79EFBC}") = "Task_Test", "Task_Test\Task_Test.csproj", "{712511A0-08E5-43A6-A7C3-ABE707161B92}"
EndProject
Global
	GlobalSection(SolutionConfigurationPlatforms) = preSolution
		Debug|Any CPU = Debug|Any CPU
		Release|Any CPU = Release|Any CPU
	EndGlobalSection
	GlobalSection(ProjectConfigurationPlatforms) = postSolution
		{712511A0-08E5-43A6-A7C3-ABE707161B92}.Debug|Any CPU.ActiveCfg = Debug|Any CPU
		{712511A0-08E5-43A6-A7C3-ABE707161B92}.Debug|Any CPU.Build.0 = Debug|Any CPU
		{712511A0-08E5-43A6-A7C3-ABE707161B92}.Release|Any CPU.ActiveCfg = Release|Any CPU
		{712511A0-08E5-43A6-A7C3-ABE707161B92}.Release|Any CPU.Build.0 = Release|Any CPU
	EndGlobalSection
	GlobalSection(SolutionProperties) = preSolution
		HideSolutionNode = FALSE
	EndGlobalSection
	GlobalSection(ExtensibilityGlobals) = postSolution
		SolutionGuid = {C3E85412-C492-4CB8-9F80-B99A25618961}
	EndGlobalSection
EndGlobal
